
Microsoft Visual Studio Solution File, Format Version 12.00
# Visual Studio 15
VisualStudioVersion = 15.0.28010.2046
MinimumVisualStudioVersion = 10.0.40219.1
Project("{FAE04EC0-301F-11D3-BF4B-00C04F79EFBC}") = "MyoSensor", "SinTest\MyoSensor.csproj", "{EA395F9C-F74B-42E4-85D6-236CED7F05D0}"
EndProject
Global
	GlobalSection(SolutionConfigurationPlatforms) = preSolution
		Debug|Any CPU = Debug|Any CPU
		Release|Any CPU = Release|Any CPU
	EndGlobalSection
	GlobalSection(ProjectConfigurationPlatforms) = postSolution
		{EA395F9C-F74B-42E4-85D6-236CED7F05D0}.Debug|Any CPU.ActiveCfg = Debug|Any CPU
		{EA395F9C-F74B-42E4-85D6-236CED7F05D0}.Debug|Any CPU.Build.0 = Debug|Any CPU
		{EA395F9C-F74B-42E4-85D6-236CED7F05D0}.Release|Any CPU.ActiveCfg = Release|Any CPU
		{EA395F9C-F74B-42E4-85D6-236CED7F05D0}.Release|Any CPU.Build.0 = Release|Any CPU
	EndGlobalSection
	GlobalSection(SolutionProperties) = preSolution
		HideSolutionNode = FALSE
	EndGlobalSection
	GlobalSection(ExtensibilityGlobals) = postSolution
		SolutionGuid = {56559320-5082-4C32-B0FD-A0D220C3EB8F}
	EndGlobalSection
EndGlobal
